
Microsoft Visual Studio Solution File, Format Version 12.00
# Visual Studio 15
VisualStudioVersion = 15.0.28010.2036
MinimumVisualStudioVersion = 10.0.40219.1
Project("{FAE04EC0-301F-11D3-BF4B-00C04F79EFBC}") = "DiveRunner", "DiveRunner\DiveRunner.csproj", "{74562B77-2C69-41F8-B7E0-9939F5A600BD}"
EndProject
Global
	GlobalSection(SolutionConfigurationPlatforms) = preSolution
		Debug|Any CPU = Debug|Any CPU
		Release|Any CPU = Release|Any CPU
	EndGlobalSection
	GlobalSection(ProjectConfigurationPlatforms) = postSolution
		{74562B77-2C69-41F8-B7E0-9939F5A600BD}.Debug|Any CPU.ActiveCfg = Debug|Any CPU
		{74562B77-2C69-41F8-B7E0-9939F5A600BD}.Debug|Any CPU.Build.0 = Debug|Any CPU
		{74562B77-2C69-41F8-B7E0-9939F5A600BD}.Release|Any CPU.ActiveCfg = Release|Any CPU
		{74562B77-2C69-41F8-B7E0-9939F5A600BD}.Release|Any CPU.Build.0 = Release|Any CPU
	EndGlobalSection
	GlobalSection(SolutionProperties) = preSolution
		HideSolutionNode = FALSE
	EndGlobalSection
	GlobalSection(ExtensibilityGlobals) = postSolution
		SolutionGuid = {F5EA8F1B-6E27-47D8-AA34-C14BB6D15497}
	EndGlobalSection
EndGlobal
